// !$*UTF8*$!
{
	archiveVersion = 1;
	classes = {
	};
	objectVersion = 46;
	objects = {

/* Begin PBXBuildFile section */
		B512AE3B1C6BD9E900B83EEA /* main.swift in Sources */ = {isa = PBXBuildFile; fileRef = B512AE3A1C6BD9E900B83EEA /* main.swift */; };
		B512AE421C6BDA1700B83EEA /* crypto.swift in Sources */ = {isa = PBXBuildFile; fileRef = B512AE411C6BDA1700B83EEA /* crypto.swift */; };
		B512AE441C6C271E00B83EEA /* 4.txt in CopyFiles */ = {isa = PBXBuildFile; fileRef = B512AE431C6C261500B83EEA /* 4.txt */; };
		B512AE461C6C311700B83EEA /* 6.txt in CopyFiles */ = {isa = PBXBuildFile; fileRef = B512AE451C6C30FC00B83EEA /* 6.txt */; };
		B512AE481C7009A000B83EEA /* extensions.swift in Sources */ = {isa = PBXBuildFile; fileRef = B512AE471C7009A000B83EEA /* extensions.swift */; };
		B512AE4A1C73CF4D00B83EEA /* challenge_tests.swift in Sources */ = {isa = PBXBuildFile; fileRef = B512AE491C73CF4D00B83EEA /* challenge_tests.swift */; };
		B512AE691C7A79CE00B83EEA /* 7.txt in CopyFiles */ = {isa = PBXBuildFile; fileRef = B512AE611C7A730400B83EEA /* 7.txt */; };
		B512AE6B1C7B71E200B83EEA /* 8.txt in CopyFiles */ = {isa = PBXBuildFile; fileRef = B512AE6A1C7A7E0000B83EEA /* 8.txt */; };
		B512AE751C7D10AC00B83EEA /* libcrypto.a in Frameworks */ = {isa = PBXBuildFile; fileRef = B512AE741C7D10AC00B83EEA /* libcrypto.a */; };
		B512AE771C7E421700B83EEA /* 10.txt in CopyFiles */ = {isa = PBXBuildFile; fileRef = B512AE761C7E420400B83EEA /* 10.txt */; };
/* End PBXBuildFile section */

/* Begin PBXCopyFilesBuildPhase section */
		B512AE351C6BD9E900B83EEA /* CopyFiles */ = {
			isa = PBXCopyFilesBuildPhase;
			buildActionMask = 12;
			dstPath = "";
			dstSubfolderSpec = 16;
			files = (
				B512AE771C7E421700B83EEA /* 10.txt in CopyFiles */,
				B512AE6B1C7B71E200B83EEA /* 8.txt in CopyFiles */,
				B512AE691C7A79CE00B83EEA /* 7.txt in CopyFiles */,
				B512AE441C6C271E00B83EEA /* 4.txt in CopyFiles */,
				B512AE461C6C311700B83EEA /* 6.txt in CopyFiles */,
			);
			runOnlyForDeploymentPostprocessing = 0;
		};
/* End PBXCopyFilesBuildPhase section */

/* Begin PBXFileReference section */
		B512AE371C6BD9E900B83EEA /* CryptoChellenges */ = {isa = PBXFileReference; explicitFileType = "compiled.mach-o.executable"; includeInIndex = 0; path = CryptoChellenges; sourceTree = BUILT_PRODUCTS_DIR; };
		B512AE3A1C6BD9E900B83EEA /* main.swift */ = {isa = PBXFileReference; lastKnownFileType = sourcecode.swift; path = main.swift; sourceTree = "<group>"; };
		B512AE411C6BDA1700B83EEA /* crypto.swift */ = {isa = PBXFileReference; fileEncoding = 4; lastKnownFileType = sourcecode.swift; path = crypto.swift; sourceTree = "<group>"; };
		B512AE431C6C261500B83EEA /* 4.txt */ = {isa = PBXFileReference; fileEncoding = 4; lastKnownFileType = text; path = 4.txt; sourceTree = "<group>"; };
		B512AE451C6C30FC00B83EEA /* 6.txt */ = {isa = PBXFileReference; fileEncoding = 4; lastKnownFileType = text; path = 6.txt; sourceTree = "<group>"; };
		B512AE471C7009A000B83EEA /* extensions.swift */ = {isa = PBXFileReference; fileEncoding = 4; lastKnownFileType = sourcecode.swift; path = extensions.swift; sourceTree = "<group>"; };
		B512AE491C73CF4D00B83EEA /* challenge_tests.swift */ = {isa = PBXFileReference; fileEncoding = 4; lastKnownFileType = sourcecode.swift; path = challenge_tests.swift; sourceTree = "<group>"; };
		B512AE611C7A730400B83EEA /* 7.txt */ = {isa = PBXFileReference; fileEncoding = 4; lastKnownFileType = text; path = 7.txt; sourceTree = "<group>"; };
		B512AE6A1C7A7E0000B83EEA /* 8.txt */ = {isa = PBXFileReference; fileEncoding = 4; lastKnownFileType = text; path = 8.txt; sourceTree = "<group>"; };
		B512AE6E1C7CFEC400B83EEA /* bridge.h */ = {isa = PBXFileReference; lastKnownFileType = sourcecode.c.h; path = bridge.h; sourceTree = "<group>"; };
		B512AE741C7D10AC00B83EEA /* libcrypto.a */ = {isa = PBXFileReference; lastKnownFileType = archive.ar; name = libcrypto.a; path = lib/libcrypto.a; sourceTree = "<group>"; };
		B512AE761C7E420400B83EEA /* 10.txt */ = {isa = PBXFileReference; fileEncoding = 4; lastKnownFileType = text; path = 10.txt; sourceTree = "<group>"; };
/* End PBXFileReference section */

/* Begin PBXFrameworksBuildPhase section */
		B512AE341C6BD9E900B83EEA /* Frameworks */ = {
			isa = PBXFrameworksBuildPhase;
			buildActionMask = 2147483647;
			files = (
				B512AE751C7D10AC00B83EEA /* libcrypto.a in Frameworks */,
			);
			runOnlyForDeploymentPostprocessing = 0;
		};
/* End PBXFrameworksBuildPhase section */

/* Begin PBXGroup section */
		B512AE2E1C6BD9E900B83EEA = {
			isa = PBXGroup;
			children = (
				B512AE391C6BD9E900B83EEA /* CryptoChellenges */,
				B512AE6F1C7D053E00B83EEA /* Libraries */,
				B512AE381C6BD9E900B83EEA /* Products */,
			);
			sourceTree = "<group>";
		};
		B512AE381C6BD9E900B83EEA /* Products */ = {
			isa = PBXGroup;
			children = (
				B512AE371C6BD9E900B83EEA /* CryptoChellenges */,
			);
			name = Products;
			sourceTree = "<group>";
		};
		B512AE391C6BD9E900B83EEA /* CryptoChellenges */ = {
			isa = PBXGroup;
			children = (
				B512AE411C6BDA1700B83EEA /* crypto.swift */,
				B512AE3A1C6BD9E900B83EEA /* main.swift */,
				B512AE471C7009A000B83EEA /* extensions.swift */,
				B512AE491C73CF4D00B83EEA /* challenge_tests.swift */,
				B512AE431C6C261500B83EEA /* 4.txt */,
				B512AE451C6C30FC00B83EEA /* 6.txt */,
				B512AE611C7A730400B83EEA /* 7.txt */,
				B512AE6A1C7A7E0000B83EEA /* 8.txt */,
				B512AE761C7E420400B83EEA /* 10.txt */,
				B512AE6E1C7CFEC400B83EEA /* bridge.h */,
			);
			path = CryptoChellenges;
			sourceTree = "<group>";
		};
		B512AE6F1C7D053E00B83EEA /* Libraries */ = {
			isa = PBXGroup;
			children = (
				B512AE741C7D10AC00B83EEA /* libcrypto.a */,
			);
			name = Libraries;
			sourceTree = "<group>";
		};
/* End PBXGroup section */

/* Begin PBXNativeTarget section */
		B512AE361C6BD9E900B83EEA /* CryptoChellenges */ = {
			isa = PBXNativeTarget;
			buildConfigurationList = B512AE3E1C6BD9E900B83EEA /* Build configuration list for PBXNativeTarget "CryptoChellenges" */;
			buildPhases = (
				B512AE331C6BD9E900B83EEA /* Sources */,
				B512AE341C6BD9E900B83EEA /* Frameworks */,
				B512AE351C6BD9E900B83EEA /* CopyFiles */,
			);
			buildRules = (
			);
			dependencies = (
			);
			name = CryptoChellenges;
			productName = CryptoChellenges;
			productReference = B512AE371C6BD9E900B83EEA /* CryptoChellenges */;
			productType = "com.apple.product-type.tool";
		};
/* End PBXNativeTarget section */

/* Begin PBXProject section */
		B512AE2F1C6BD9E900B83EEA /* Project object */ = {
			isa = PBXProject;
			attributes = {
				LastSwiftUpdateCheck = 0720;
				LastUpgradeCheck = 0720;
				ORGANIZATIONNAME = "Ben Anderman";
				TargetAttributes = {
					B512AE361C6BD9E900B83EEA = {
						CreatedOnToolsVersion = 7.2.1;
					};
				};
			};
			buildConfigurationList = B512AE321C6BD9E900B83EEA /* Build configuration list for PBXProject "CryptoChellenges" */;
			compatibilityVersion = "Xcode 3.2";
			developmentRegion = English;
			hasScannedForEncodings = 0;
			knownRegions = (
				en,
			);
			mainGroup = B512AE2E1C6BD9E900B83EEA;
			productRefGroup = B512AE381C6BD9E900B83EEA /* Products */;
			projectDirPath = "";
			projectRoot = "";
			targets = (
				B512AE361C6BD9E900B83EEA /* CryptoChellenges */,
			);
		};
/* End PBXProject section */

/* Begin PBXSourcesBuildPhase section */
		B512AE331C6BD9E900B83EEA /* Sources */ = {
			isa = PBXSourcesBuildPhase;
			buildActionMask = 2147483647;
			files = (
				B512AE421C6BDA1700B83EEA /* crypto.swift in Sources */,
				B512AE4A1C73CF4D00B83EEA /* challenge_tests.swift in Sources */,
				B512AE3B1C6BD9E900B83EEA /* main.swift in Sources */,
				B512AE481C7009A000B83EEA /* extensions.swift in Sources */,
			);
			runOnlyForDeploymentPostprocessing = 0;
		};
/* End PBXSourcesBuildPhase section */

/* Begin XCBuildConfiguration section */
		B512AE3C1C6BD9E900B83EEA /* Debug */ = {
			isa = XCBuildConfiguration;
			buildSettings = {
				ALWAYS_SEARCH_USER_PATHS = NO;
				CLANG_CXX_LANGUAGE_STANDARD = "gnu++0x";
				CLANG_CXX_LIBRARY = "libc++";
				CLANG_ENABLE_MODULES = YES;
				CLANG_ENABLE_OBJC_ARC = YES;
				CLANG_WARN_BOOL_CONVERSION = YES;
				CLANG_WARN_CONSTANT_CONVERSION = YES;
				CLANG_WARN_DIRECT_OBJC_ISA_USAGE = YES_ERROR;
				CLANG_WARN_EMPTY_BODY = YES;
				CLANG_WARN_ENUM_CONVERSION = YES;
				CLANG_WARN_INT_CONVERSION = YES;
				CLANG_WARN_OBJC_ROOT_CLASS = YES_ERROR;
				CLANG_WARN_UNREACHABLE_CODE = YES;
				CLANG_WARN__DUPLICATE_METHOD_MATCH = YES;
				CODE_SIGN_IDENTITY = "-";
				COPY_PHASE_STRIP = NO;
				DEBUG_INFORMATION_FORMAT = dwarf;
				ENABLE_STRICT_OBJC_MSGSEND = YES;
				ENABLE_TESTABILITY = YES;
				GCC_C_LANGUAGE_STANDARD = gnu99;
				GCC_DYNAMIC_NO_PIC = NO;
				GCC_NO_COMMON_BLOCKS = YES;
				GCC_OPTIMIZATION_LEVEL = 0;
				GCC_PREPROCESSOR_DEFINITIONS = (
					"DEBUG=1",
					"$(inherited)",
				);
				GCC_WARN_64_TO_32_BIT_CONVERSION = YES;
				GCC_WARN_ABOUT_RETURN_TYPE = YES_ERROR;
				GCC_WARN_UNDECLARED_SELECTOR = YES;
				GCC_WARN_UNINITIALIZED_AUTOS = YES_AGGRESSIVE;
				GCC_WARN_UNUSED_FUNCTION = YES;
				GCC_WARN_UNUSED_VARIABLE = YES;
				MACOSX_DEPLOYMENT_TARGET = 10.11;
				MTL_ENABLE_DEBUG_INFO = YES;
				ONLY_ACTIVE_ARCH = YES;
				SDKROOT = macosx;
				SWIFT_OPTIMIZATION_LEVEL = "-Onone";
			};
			name = Debug;
		};
		B512AE3D1C6BD9E900B83EEA /* Release */ = {
			isa = XCBuildConfiguration;
			buildSettings = {
				ALWAYS_SEARCH_USER_PATHS = NO;
				CLANG_CXX_LANGUAGE_STANDARD = "gnu++0x";
				CLANG_CXX_LIBRARY = "libc++";
				CLANG_ENABLE_MODULES = YES;
				CLANG_ENABLE_OBJC_ARC = YES;
				CLANG_WARN_BOOL_CONVERSION = YES;
				CLANG_WARN_CONSTANT_CONVERSION = YES;
				CLANG_WARN_DIRECT_OBJC_ISA_USAGE = YES_ERROR;
				CLANG_WARN_EMPTY_BODY = YES;
				CLANG_WARN_ENUM_CONVERSION = YES;
				CLANG_WARN_INT_CONVERSION = YES;
				CLANG_WARN_OBJC_ROOT_CLASS = YES_ERROR;
				CLANG_WARN_UNREACHABLE_CODE = YES;
				CLANG_WARN__DUPLICATE_METHOD_MATCH = YES;
				CODE_SIGN_IDENTITY = "-";
				COPY_PHASE_STRIP = NO;
				DEBUG_INFORMATION_FORMAT = "dwarf-with-dsym";
				ENABLE_NS_ASSERTIONS = NO;
				ENABLE_STRICT_OBJC_MSGSEND = YES;
				GCC_C_LANGUAGE_STANDARD = gnu99;
				GCC_NO_COMMON_BLOCKS = YES;
				GCC_WARN_64_TO_32_BIT_CONVERSION = YES;
				GCC_WARN_ABOUT_RETURN_TYPE = YES_ERROR;
				GCC_WARN_UNDECLARED_SELECTOR = YES;
				GCC_WARN_UNINITIALIZED_AUTOS = YES_AGGRESSIVE;
				GCC_WARN_UNUSED_FUNCTION = YES;
				GCC_WARN_UNUSED_VARIABLE = YES;
				MACOSX_DEPLOYMENT_TARGET = 10.11;
				MTL_ENABLE_DEBUG_INFO = NO;
				SDKROOT = macosx;
				SWIFT_OPTIMIZATION_LEVEL = "-Onone";
			};
			name = Release;
		};
		B512AE3F1C6BD9E900B83EEA /* Debug */ = {
			isa = XCBuildConfiguration;
			buildSettings = {
				HEADER_SEARCH_PATHS = include;
				LIBRARY_SEARCH_PATHS = (
					"$(inherited)",
					"$(PROJECT_DIR)/lib",
				);
				PRODUCT_NAME = "$(TARGET_NAME)";
				SWIFT_OBJC_BRIDGING_HEADER = CryptoChellenges/bridge.h;
			};
			name = Debug;
		};
		B512AE401C6BD9E900B83EEA /* Release */ = {
			isa = XCBuildConfiguration;
			buildSettings = {
				HEADER_SEARCH_PATHS = include;
				LIBRARY_SEARCH_PATHS = (
					"$(inherited)",
					"$(PROJECT_DIR)/lib",
				);
				PRODUCT_NAME = "$(TARGET_NAME)";
				SWIFT_OBJC_BRIDGING_HEADER = CryptoChellenges/bridge.h;
			};
			name = Release;
		};
/* End XCBuildConfiguration section */

/* Begin XCConfigurationList section */
		B512AE321C6BD9E900B83EEA /* Build configuration list for PBXProject "CryptoChellenges" */ = {
			isa = XCConfigurationList;
			buildConfigurations = (
				B512AE3C1C6BD9E900B83EEA /* Debug */,
				B512AE3D1C6BD9E900B83EEA /* Release */,
			);
			defaultConfigurationIsVisible = 0;
			defaultConfigurationName = Release;
		};
		B512AE3E1C6BD9E900B83EEA /* Build configuration list for PBXNativeTarget "CryptoChellenges" */ = {
			isa = XCConfigurationList;
			buildConfigurations = (
				B512AE3F1C6BD9E900B83EEA /* Debug */,
				B512AE401C6BD9E900B83EEA /* Release */,
			);
			defaultConfigurationIsVisible = 0;
			defaultConfigurationName = Release;
		};
/* End XCConfigurationList section */
	};
	rootObject = B512AE2F1C6BD9E900B83EEA /* Project object */;
}
